
Microsoft Visual Studio Solution File, Format Version 12.00
# Visual Studio 2013
VisualStudioVersion = 12.0.30501.0
MinimumVisualStudioVersion = 10.0.40219.1
Project("{FAE04EC0-301F-11D3-BF4B-00C04F79EFBC}") = "Entidades", "Entidades\Entidades.csproj", "{7D0EC017-0A88-42D0-84F6-06973E131815}"
EndProject
Project("{FAE04EC0-301F-11D3-BF4B-00C04F79EFBC}") = "Servicios", "Servicios\Servicios.csproj", "{A551E286-D2EB-465D-8046-8D0E4626E4DB}"
EndProject
Global
	GlobalSection(SolutionConfigurationPlatforms) = preSolution
		Debug|Any CPU = Debug|Any CPU
		Release|Any CPU = Release|Any CPU
	EndGlobalSection
	GlobalSection(ProjectConfigurationPlatforms) = postSolution
		{7D0EC017-0A88-42D0-84F6-06973E131815}.Debug|Any CPU.ActiveCfg = Debug|Any CPU
		{7D0EC017-0A88-42D0-84F6-06973E131815}.Debug|Any CPU.Build.0 = Debug|Any CPU
		{7D0EC017-0A88-42D0-84F6-06973E131815}.Release|Any CPU.ActiveCfg = Release|Any CPU
		{7D0EC017-0A88-42D0-84F6-06973E131815}.Release|Any CPU.Build.0 = Release|Any CPU
		{A551E286-D2EB-465D-8046-8D0E4626E4DB}.Debug|Any CPU.ActiveCfg = Debug|Any CPU
		{A551E286-D2EB-465D-8046-8D0E4626E4DB}.Debug|Any CPU.Build.0 = Debug|Any CPU
		{A551E286-D2EB-465D-8046-8D0E4626E4DB}.Release|Any CPU.ActiveCfg = Release|Any CPU
		{A551E286-D2EB-465D-8046-8D0E4626E4DB}.Release|Any CPU.Build.0 = Release|Any CPU
	EndGlobalSection
	GlobalSection(SolutionProperties) = preSolution
		HideSolutionNode = FALSE
	EndGlobalSection
EndGlobal
